// !$*UTF8*$!
{
	archiveVersion = 1;
	classes = {
	};
	objectVersion = 46;
	objects = {

/* Begin PBXBuildFile section */
		DC096CD41DD84DB100410709 /* AppDelegate.swift in Sources */ = {isa = PBXBuildFile; fileRef = DC096CD31DD84DB100410709 /* AppDelegate.swift */; };
		DC096CD61DD84DB100410709 /* ViewController.swift in Sources */ = {isa = PBXBuildFile; fileRef = DC096CD51DD84DB100410709 /* ViewController.swift */; };
		DC096CD91DD84DB100410709 /* Main.storyboard in Resources */ = {isa = PBXBuildFile; fileRef = DC096CD71DD84DB100410709 /* Main.storyboard */; };
		DC096CDB1DD84DB100410709 /* Assets.xcassets in Resources */ = {isa = PBXBuildFile; fileRef = DC096CDA1DD84DB100410709 /* Assets.xcassets */; };
		DC096CDE1DD84DB100410709 /* LaunchScreen.storyboard in Resources */ = {isa = PBXBuildFile; fileRef = DC096CDC1DD84DB100410709 /* LaunchScreen.storyboard */; };
/* End PBXBuildFile section */

/* Begin PBXFileReference section */
		DC096CD01DD84DB100410709 /* Stretchy Effect.app */ = {isa = PBXFileReference; explicitFileType = wrapper.application; includeInIndex = 0; path = "Stretchy Effect.app"; sourceTree = BUILT_PRODUCTS_DIR; };
		DC096CD31DD84DB100410709 /* AppDelegate.swift */ = {isa = PBXFileReference; lastKnownFileType = sourcecode.swift; path = AppDelegate.swift; sourceTree = "<group>"; };
		DC096CD51DD84DB100410709 /* ViewController.swift */ = {isa = PBXFileReference; lastKnownFileType = sourcecode.swift; path = ViewController.swift; sourceTree = "<group>"; };
		DC096CD81DD84DB100410709 /* Base */ = {isa = PBXFileReference; lastKnownFileType = file.storyboard; name = Base; path = Base.lproj/Main.storyboard; sourceTree = "<group>"; };
		DC096CDA1DD84DB100410709 /* Assets.xcassets */ = {isa = PBXFileReference; lastKnownFileType = folder.assetcatalog; path = Assets.xcassets; sourceTree = "<group>"; };
		DC096CDD1DD84DB100410709 /* Base */ = {isa = PBXFileReference; lastKnownFileType = file.storyboard; name = Base; path = Base.lproj/LaunchScreen.storyboard; sourceTree = "<group>"; };
		DC096CDF1DD84DB100410709 /* Info.plist */ = {isa = PBXFileReference; lastKnownFileType = text.plist.xml; path = Info.plist; sourceTree = "<group>"; };
/* End PBXFileReference section */

/* Begin PBXFrameworksBuildPhase section */
		DC096CCD1DD84DB100410709 /* Frameworks */ = {
			isa = PBXFrameworksBuildPhase;
			buildActionMask = 2147483647;
			files = (
			);
			runOnlyForDeploymentPostprocessing = 0;
		};
/* End PBXFrameworksBuildPhase section */

/* Begin PBXGroup section */
		DC096CC71DD84DB100410709 = {
			isa = PBXGroup;
			children = (
				DC096CD21DD84DB100410709 /* Stretchy Effect */,
				DC096CD11DD84DB100410709 /* Products */,
			);
			sourceTree = "<group>";
		};
		DC096CD11DD84DB100410709 /* Products */ = {
			isa = PBXGroup;
			children = (
				DC096CD01DD84DB100410709 /* Stretchy Effect.app */,
			);
			name = Products;
			sourceTree = "<group>";
		};
		DC096CD21DD84DB100410709 /* Stretchy Effect */ = {
			isa = PBXGroup;
			children = (
				DC096CD31DD84DB100410709 /* AppDelegate.swift */,
				DC096CD51DD84DB100410709 /* ViewController.swift */,
				DC096CD71DD84DB100410709 /* Main.storyboard */,
				DC096CDA1DD84DB100410709 /* Assets.xcassets */,
				DC096CDC1DD84DB100410709 /* LaunchScreen.storyboard */,
				DC096CDF1DD84DB100410709 /* Info.plist */,
			);
			path = "Stretchy Effect";
			sourceTree = "<group>";
		};
/* End PBXGroup section */

/* Begin PBXNativeTarget section */
		DC096CCF1DD84DB100410709 /* Stretchy Effect */ = {
			isa = PBXNativeTarget;
			buildConfigurationList = DC096CE21DD84DB100410709 /* Build configuration list for PBXNativeTarget "Stretchy Effect" */;
			buildPhases = (
				DC096CCC1DD84DB100410709 /* Sources */,
				DC096CCD1DD84DB100410709 /* Frameworks */,
				DC096CCE1DD84DB100410709 /* Resources */,
			);
			buildRules = (
			);
			dependencies = (
			);
			name = "Stretchy Effect";
			productName = "Stretchy Effect";
			productReference = DC096CD01DD84DB100410709 /* Stretchy Effect.app */;
			productType = "com.apple.product-type.application";
		};
/* End PBXNativeTarget section */

/* Begin PBXProject section */
		DC096CC81DD84DB100410709 /* Project object */ = {
			isa = PBXProject;
			attributes = {
				LastSwiftUpdateCheck = 0810;
				LastUpgradeCheck = 0810;
				ORGANIZATIONNAME = "Arjun Kodur";
				TargetAttributes = {
					DC096CCF1DD84DB100410709 = {
						CreatedOnToolsVersion = 8.1;
						DevelopmentTeam = E696HLUBV9;
						ProvisioningStyle = Automatic;
					};
				};
			};
			buildConfigurationList = DC096CCB1DD84DB100410709 /* Build configuration list for PBXProject "Stretchy Effect" */;
			compatibilityVersion = "Xcode 3.2";
			developmentRegion = English;
			hasScannedForEncodings = 0;
			knownRegions = (
				en,
				Base,
			);
			mainGroup = DC096CC71DD84DB100410709;
			productRefGroup = DC096CD11DD84DB100410709 /* Products */;
			projectDirPath = "";
			projectRoot = "";
			targets = (
				DC096CCF1DD84DB100410709 /* Stretchy Effect */,
			);
		};
/* End PBXProject section */

/* Begin PBXResourcesBuildPhase section */
		DC096CCE1DD84DB100410709 /* Resources */ = {
			isa = PBXResourcesBuildPhase;
			buildActionMask = 2147483647;
			files = (
				DC096CDE1DD84DB100410709 /* LaunchScreen.storyboard in Resources */,
				DC096CDB1DD84DB100410709 /* Assets.xcassets in Resources */,
				DC096CD91DD84DB100410709 /* Main.storyboard in Resources */,
			);
			runOnlyForDeploymentPostprocessing = 0;
		};
/* End PBXResourcesBuildPhase section */

/* Begin PBXSourcesBuildPhase section */
		DC096CCC1DD84DB100410709 /* Sources */ = {
			isa = PBXSourcesBuildPhase;
			buildActionMask = 2147483647;
			files = (
				DC096CD61DD84DB100410709 /* ViewController.swift in Sources */,
				DC096CD41DD84DB100410709 /* AppDelegate.swift in Sources */,
			);
			runOnlyForDeploymentPostprocessing = 0;
		};
/* End PBXSourcesBuildPhase section */

/* Begin PBXVariantGroup section */
		DC096CD71DD84DB100410709 /* Main.storyboard */ = {
			isa = PBXVariantGroup;
			children = (
				DC096CD81DD84DB100410709 /* Base */,
			);
			name = Main.storyboard;
			sourceTree = "<group>";
		};
		DC096CDC1DD84DB100410709 /* LaunchScreen.storyboard */ = {
			isa = PBXVariantGroup;
			children = (
				DC096CDD1DD84DB100410709 /* Base */,
			);
			name = LaunchScreen.storyboard;
			sourceTree = "<group>";
		};
/* End PBXVariantGroup section */

/* Begin XCBuildConfiguration section */
		DC096CE01DD84DB100410709 /* Debug */ = {
			isa = XCBuildConfiguration;
			buildSettings = {
				ALWAYS_SEARCH_USER_PATHS = NO;
				CLANG_ANALYZER_NONNULL = YES;
				CLANG_CXX_LANGUAGE_STANDARD = "gnu++0x";
				CLANG_CXX_LIBRARY = "libc++";
				CLANG_ENABLE_MODULES = YES;
				CLANG_ENABLE_OBJC_ARC = YES;
				CLANG_WARN_BOOL_CONVERSION = YES;
				CLANG_WARN_CONSTANT_CONVERSION = YES;
				CLANG_WARN_DIRECT_OBJC_ISA_USAGE = YES_ERROR;
				CLANG_WARN_DOCUMENTATION_COMMENTS = YES;
				CLANG_WARN_EMPTY_BODY = YES;
				CLANG_WARN_ENUM_CONVERSION = YES;
				CLANG_WARN_INFINITE_RECURSION = YES;
				CLANG_WARN_INT_CONVERSION = YES;
				CLANG_WARN_OBJC_ROOT_CLASS = YES_ERROR;
				CLANG_WARN_SUSPICIOUS_MOVES = YES;
				CLANG_WARN_UNREACHABLE_CODE = YES;
				CLANG_WARN__DUPLICATE_METHOD_MATCH = YES;
				"CODE_SIGN_IDENTITY[sdk=iphoneos*]" = "iPhone Developer";
				COPY_PHASE_STRIP = NO;
				DEBUG_INFORMATION_FORMAT = dwarf;
				ENABLE_STRICT_OBJC_MSGSEND = YES;
				ENABLE_TESTABILITY = YES;
				GCC_C_LANGUAGE_STANDARD = gnu99;
				GCC_DYNAMIC_NO_PIC = NO;
				GCC_NO_COMMON_BLOCKS = YES;
				GCC_OPTIMIZATION_LEVEL = 0;
				GCC_PREPROCESSOR_DEFINITIONS = (
					"DEBUG=1",
					"$(inherited)",
				);
				GCC_WARN_64_TO_32_BIT_CONVERSION = YES;
				GCC_WARN_ABOUT_RETURN_TYPE = YES_ERROR;
				GCC_WARN_UNDECLARED_SELECTOR = YES;
				GCC_WARN_UNINITIALIZED_AUTOS = YES_AGGRESSIVE;
				GCC_WARN_UNUSED_FUNCTION = YES;
				GCC_WARN_UNUSED_VARIABLE = YES;
				IPHONEOS_DEPLOYMENT_TARGET = 10.1;
				MTL_ENABLE_DEBUG_INFO = YES;
				ONLY_ACTIVE_ARCH = YES;
				SDKROOT = iphoneos;
				SWIFT_ACTIVE_COMPILATION_CONDITIONS = DEBUG;
				SWIFT_OPTIMIZATION_LEVEL = "-Onone";
			};
			name = Debug;
		};
		DC096CE11DD84DB100410709 /* Release */ = {
			isa = XCBuildConfiguration;
			buildSettings = {
				ALWAYS_SEARCH_USER_PATHS = NO;
				CLANG_ANALYZER_NONNULL = YES;
				CLANG_CXX_LANGUAGE_STANDARD = "gnu++0x";
				CLANG_CXX_LIBRARY = "libc++";
				CLANG_ENABLE_MODULES = YES;
				CLANG_ENABLE_OBJC_ARC = YES;
				CLANG_WARN_BOOL_CONVERSION = YES;
				CLANG_WARN_CONSTANT_CONVERSION = YES;
				CLANG_WARN_DIRECT_OBJC_ISA_USAGE = YES_ERROR;
				CLANG_WARN_DOCUMENTATION_COMMENTS = YES;
				CLANG_WARN_EMPTY_BODY = YES;
				CLANG_WARN_ENUM_CONVERSION = YES;
				CLANG_WARN_INFINITE_RECURSION = YES;
				CLANG_WARN_INT_CONVERSION = YES;
				CLANG_WARN_OBJC_ROOT_CLASS = YES_ERROR;
				CLANG_WARN_SUSPICIOUS_MOVES = YES;
				CLANG_WARN_UNREACHABLE_CODE = YES;
				CLANG_WARN__DUPLICATE_METHOD_MATCH = YES;
				"CODE_SIGN_IDENTITY[sdk=iphoneos*]" = "iPhone Developer";
				COPY_PHASE_STRIP = NO;
				DEBUG_INFORMATION_FORMAT = "dwarf-with-dsym";
				ENABLE_NS_ASSERTIONS = NO;
				ENABLE_STRICT_OBJC_MSGSEND = YES;
				GCC_C_LANGUAGE_STANDARD = gnu99;
				GCC_NO_COMMON_BLOCKS = YES;
				GCC_WARN_64_TO_32_BIT_CONVERSION = YES;
				GCC_WARN_ABOUT_RETURN_TYPE = YES_ERROR;
				GCC_WARN_UNDECLARED_SELECTOR = YES;
				GCC_WARN_UNINITIALIZED_AUTOS = YES_AGGRESSIVE;
				GCC_WARN_UNUSED_FUNCTION = YES;
				GCC_WARN_UNUSED_VARIABLE = YES;
				IPHONEOS_DEPLOYMENT_TARGET = 10.1;
				MTL_ENABLE_DEBUG_INFO = NO;
				SDKROOT = iphoneos;
				SWIFT_OPTIMIZATION_LEVEL = "-Owholemodule";
				VALIDATE_PRODUCT = YES;
			};
			name = Release;
		};
		DC096CE31DD84DB100410709 /* Debug */ = {
			isa = XCBuildConfiguration;
			buildSettings = {
				ASSETCATALOG_COMPILER_APPICON_NAME = AppIcon;
				DEVELOPMENT_TEAM = E696HLUBV9;
				INFOPLIST_FILE = "Stretchy Effect/Info.plist";
				LD_RUNPATH_SEARCH_PATHS = "$(inherited) @executable_path/Frameworks";
				PRODUCT_BUNDLE_IDENTIFIER = "com.arjunkodur.Stretchy-Effect";
				PRODUCT_NAME = "$(TARGET_NAME)";
				SWIFT_VERSION = 3.0;
			};
			name = Debug;
		};
		DC096CE41DD84DB100410709 /* Release */ = {
			isa = XCBuildConfiguration;
			buildSettings = {
				ASSETCATALOG_COMPILER_APPICON_NAME = AppIcon;
				DEVELOPMENT_TEAM = E696HLUBV9;
				INFOPLIST_FILE = "Stretchy Effect/Info.plist";
				LD_RUNPATH_SEARCH_PATHS = "$(inherited) @executable_path/Frameworks";
				PRODUCT_BUNDLE_IDENTIFIER = "com.arjunkodur.Stretchy-Effect";
				PRODUCT_NAME = "$(TARGET_NAME)";
				SWIFT_VERSION = 3.0;
			};
			name = Release;
		};
/* End XCBuildConfiguration section */

/* Begin XCConfigurationList section */
		DC096CCB1DD84DB100410709 /* Build configuration list for PBXProject "Stretchy Effect" */ = {
			isa = XCConfigurationList;
			buildConfigurations = (
				DC096CE01DD84DB100410709 /* Debug */,
				DC096CE11DD84DB100410709 /* Release */,
			);
			defaultConfigurationIsVisible = 0;
			defaultConfigurationName = Release;
		};
		DC096CE21DD84DB100410709 /* Build configuration list for PBXNativeTarget "Stretchy Effect" */ = {
			isa = XCConfigurationList;
			buildConfigurations = (
				DC096CE31DD84DB100410709 /* Debug */,
				DC096CE41DD84DB100410709 /* Release */,
			);
			defaultConfigurationIsVisible = 0;
		};
/* End XCConfigurationList section */
	};
	rootObject = DC096CC81DD84DB100410709 /* Project object */;
}
